lockfileVersion: '9.0'

settings:
  autoInstallPeers: true
  excludeLinksFromLockfile: false

importers:

  .:
    dependencies:
      react:
        specifier: ^19.2.7
        version: 19.2.7
      react-dom:
        specifier: ^19.2.7
        version: 19.2.7(react@19.2.7)
      react-icons:
        specifier: ^5.7.0
        version: 5.7.0(react@19.2.7)
    devDependencies:
      '@types/node':
        specifier: ^24.13.2
        version: 24.13.3
      '@types/react':
        specifier: ^19.2.17
        version: 19.2.17
      '@types/react-dom':
        specifier: ^19.2.3
        version: 19.2.3(@types/react@19.2.17)
      '@vitejs/plugin-react':
        specifier: ^6.0.3
        version: 6.0.3(vite@8.1.4(@types/node@24.13.3))
      oxlint:
        specifier: ^1.71.0
        version: 1.73.0
      typescript:
        specifier: ~6.0.2
        version: 6.0.3
      vite:
        specifier: ^8.1.1
        version: 8.1.4(@types/node@24.13.3)

packages:

  '@oxc-project/types@0.139.0':
    resolution: {integrity: sha512-r9gHphtCs+1M7J0pw6Sn/hh/Wpa/iQrOOkrNAlVLF/gHq+/CJmHIWKKUUhdWjcD6CIa8idarspCsASiXCXvFUw==}

  '@rolldown/pluginutils@1.0.1':
    resolution: {integrity: sha512-2j9bGt5Jh8hj+vPtgzPtl72j0yRxHAyumoo6TNfAjsLB04UtpSvPbPcDcBMxz7n+9CYB0c1GxQFxYRg2jimqGw==}

  '@types/node@24.13.3':
    resolution: {integrity: sha512-Dh8vAsV36ig5wa9OX4pXvMc9D3Veibfw2wix0CUwYODLD8nkj9UsLjASr49nPg+2eKzxhBV+v7L8pXvT4e639Q==}

  '@types/react-dom@19.2.3':
    resolution: {integrity: sha512-jp2L/eY6fn+KgVVQAOqYItbF0VY/YApe5Mz2F0aykSO8gx31bYCZyvSeYxCHKvzHG5eZjc+zyaS5BrBWya2+kQ==}
    peerDependencies:
      '@types/react': ^19.2.0

  '@types/react@19.2.17':
    resolution: {integrity: sha512-MXfmqaVPEVgkBT/aY0aGCkRWWtByiYQXo3xdQ8r5RzuFrPiRn8Gar2tQdXSUQ2GKV3bkXckek89V8wQBY2Q/Aw==}

  '@vitejs/plugin-react@6.0.3':
    resolution: {integrity: sha512-vmFvco5/QuC2f9Oj+wTk0+9XeDFkHxSamwZKYc7MxYwKICfvUvlMhqKI0VuICPltGqh1neqBKDvO4kes1ya8vg==}
    engines: {node: ^20.19.0 || >=22.12.0}
    peerDependencies:
      '@rolldown/plugin-babel': ^0.1.7 || ^0.2.0
      babel-plugin-react-compiler: ^1.0.0
      vite: ^8.0.0
    peerDependenciesMeta:
      '@rolldown/plugin-babel':
        optional: true
      babel-plugin-react-compiler:
        optional: true

  csstype@3.2.3:
    resolution: {integrity: sha512-z1HGKcYy2xA8AGQfwrn0PAy+PB7X/GSj3UVJW9qKyn43xWa+gl5nXmU4qqLMRzWVLFC8KusUX8T/0kCiOYpAIQ==}

  detect-libc@2.1.2:
    resolution: {integrity: sha512-Btj2BOOO83o3WyH59e8MgXsxEQVcarkUOpEYrubB0urwnN10yQ364rsiByU11nZlqWYZm05i/of7io4mzihBtQ==}
    engines: {node: '>=8'}

  fdir@6.5.0:
    resolution: {integrity: sha512-tIbYtZbucOs0BRGqPJkshJUYdL+SDH7dVM8gjy+ERp3WAUjLEFJE+02kanyHtwjWOnwrKYBiwAmM0p4kLJAnXg==}
    engines: {node: '>=12.0.0'}
    peerDependencies:
      picomatch: ^3 || ^4
    peerDependenciesMeta:
      picomatch:
        optional: true

  lightningcss@1.32.0:
    resolution: {integrity: sha512-NXYBzinNrblfraPGyrbPoD19C1h9lfI/1mzgWYvXUTe414Gz/X1FD2XBZSZM7rRTrMA8JL3OtAaGifrIKhQ5yQ==}
    engines: {node: '>= 12.0.0'}

  nanoid@3.3.16:
    resolution: {integrity: sha512-bzlKTyNJ7+LdGIIwy8ijFpIqEQIvafahV7eYykJ8Cvh42EdJeODoJ6gUJXpQJvej1BddH8OqTXZNE/KfbWAu8Q==}
    engines: {node: ^10 || ^12 || ^13.7 || ^14 || >=15.0.1}
    hasBin: true

  oxlint@1.73.0:
    resolution: {integrity: sha512-u91G9TJzU6yqKWNZUYprQB07W7YvntZXaRxQ6CkoytepYhLWUXWsr1M8zUJ34VatNPuUAr3Z8GH+O2A331CluQ==}
    engines: {node: ^20.19.0 || >=22.12.0}
    hasBin: true
    peerDependencies:
      oxlint-tsgolint: '>=0.24.0'
      vite-plus: '*'
    peerDependenciesMeta:
      oxlint-tsgolint:
        optional: true
      vite-plus:
        optional: true

  picocolors@1.1.1:
    resolution: {integrity: sha512-xceH2snhtb5M9liqDsmEw56le376mTZkEX/jEb/RxNFyegNul7eNslCXP9FDj/Lcu0X8KEyMceP2ntpaHrDEVA==}

  picomatch@4.0.5:
    resolution: {integrity: sha512-RvwwcruNjI1ncT5xRakeyS9Lf8lcItv34KD+aif+VH9kduAyfYBipGh12274xtenIPZ119/R9BdTBa8gAwSh0A==}
    engines: {node: '>=12'}

  postcss@8.5.18:
    resolution: {integrity: sha512-xdB1oSLHbz1vRWgCDalrCqEFTWzFlhqFC5tIHLMOSUIjhm3XXQ1qrFy8S/ESr1JYRRXqM3c1QFiMZUJdUTqyMQ==}
    engines: {node: ^10 || ^12 || >=14}

  react-dom@19.2.7:
    resolution: {integrity: sha512-t0BRVXvbiE/o20Hfw669rLbMCDWtYZLvmJigy2f0MxsXF+71pxhR3xOkspmsO8h3ZlNzyibAmtCa3l4lYKk6gQ==}
    peerDependencies:
      react: ^19.2.7

  react-icons@5.7.0:
    resolution: {integrity: sha512-LBLy340Rzqy6+/yVhZKT3B/QpP1BZaesGqasf09HPOBzRarcDIFH0WwXlXQfE7q7ipxK4MSiC5DIBWURCny6fw==}
    peerDependencies:
      react: '*'

  react@19.2.7:
    resolution: {integrity: sha512-HNe9WslTbXmFK8o8cmwgAeJFSBvt1bPdHCVKtaaV+WlAN36mpT4hcRpwbf3fY56ar2oIXzsBpOAiIRHAdY0OlQ==}
    engines: {node: '>=0.10.0'}

  rolldown@1.1.5:
    resolution: {integrity: sha512-t9z29cJjXf/vxQ8dyhCSpt6H6aSwHTk8cT5I3iy6SMXuFpk5mB6PL6XfC8PCwrPTx93udwKUm9HRteAlTGBLiA==}
    engines: {node: ^20.19.0 || >=22.12.0}
    hasBin: true

  scheduler@0.27.0:
    resolution: {integrity: sha512-eNv+WrVbKu1f3vbYJT/xtiF5syA5HPIMtf9IgY/nKg0sWqzAUEvqY/xm7OcZc/qafLx/iO9FgOmeSAp4v5ti/Q==}

  source-map-js@1.2.1:
    resolution: {integrity: sha512-UXWMKhLOwVKb728IUtQPXxfYU+usdybtUrK/8uGE8CQMvrhOpwvzDBwj0QhSL7MQc7vIsISBG8VQ8+IDQxpfQA==}
    engines: {node: '>=0.10.0'}

  tinyglobby@0.2.17:
    resolution: {integrity: sha512-wXR/dYpcqKmfWpEdZjiKJOwCNFndD0DMnrW/cYjVGttEkBfVgcLFHoNrlj47mjOVic9yyNu65alsgF4NQyTa2g==}
    engines: {node: '>=12.0.0'}

  typescript@6.0.3:
    resolution: {integrity: sha512-y2TvuxSZPDyQakkFRPZHKFm+KKVqIisdg9/CZwm9ftvKXLP8NRWj38/ODjNbr43SsoXqNuAisEf1GdCxqWcdBw==}
    engines: {node: '>=14.17'}
    hasBin: true

  undici-types@7.18.2:
    resolution: {integrity: sha512-AsuCzffGHJybSaRrmr5eHr81mwJU3kjw6M+uprWvCXiNeN9SOGwQ3Jn8jb8m3Z6izVgknn1R0FTCEAP2QrLY/w==}

  vite@8.1.4:
    resolution: {integrity: sha512-bTT9PsdWO+MQMNG9ZXIP/qM9wGh37DFxTV/sPq9cFpHr3w4jkgef032PkAL9jAqhk3Nz8NQw3O8n6/xFkqO4QQ==}
    engines: {node: ^20.19.0 || >=22.12.0}
    hasBin: true
    peerDependencies:
      '@types/node': ^20.19.0 || >=22.12.0
      '@vitejs/devtools': ^0.3.0
      esbuild: ^0.27.0 || ^0.28.0
      jiti: '>=1.21.0'
      less: ^4.0.0
      sass: ^1.70.0
      sass-embedded: ^1.70.0
      stylus: '>=0.54.8'
      sugarss: ^5.0.0
      terser: ^5.16.0
      tsx: ^4.8.1
      yaml: ^2.4.2
    peerDependenciesMeta:
      '@types/node':
        optional: true
      '@vitejs/devtools':
        optional: true
      esbuild:
        optional: true
      jiti:
        optional: true
      less:
        optional: true
      sass:
        optional: true
      sass-embedded:
        optional: true
      stylus:
        optional: true
      sugarss:
        optional: true
      terser:
        optional: true
      tsx:
        optional: true
      yaml:
        optional: true

snapshots:

  '@oxc-project/types@0.139.0': {}

  '@rolldown/pluginutils@1.0.1': {}

  '@types/node@24.13.3':
    dependencies:
      undici-types: 7.18.2

  '@types/react-dom@19.2.3(@types/react@19.2.17)':
    dependencies:
      '@types/react': 19.2.17

  '@types/react@19.2.17':
    dependencies:
      csstype: 3.2.3

  '@vitejs/plugin-react@6.0.3(vite@8.1.4(@types/node@24.13.3))':
    dependencies:
      '@rolldown/pluginutils': 1.0.1
      vite: 8.1.4(@types/node@24.13.3)

  csstype@3.2.3: {}

  detect-libc@2.1.2: {}

  fdir@6.5.0(picomatch@4.0.5):
    optionalDependencies:
      picomatch: 4.0.5

  lightningcss@1.32.0:
    dependencies:
      detect-libc: 2.1.2

  nanoid@3.3.16: {}

  oxlint@1.73.0: {}

  picocolors@1.1.1: {}

  picomatch@4.0.5: {}

  postcss@8.5.18:
    dependencies:
      nanoid: 3.3.16
      picocolors: 1.1.1
      source-map-js: 1.2.1

  react-dom@19.2.7(react@19.2.7):
    dependencies:
      react: 19.2.7
      scheduler: 0.27.0

  react-icons@5.7.0(react@19.2.7):
    dependencies:
      react: 19.2.7

  react@19.2.7: {}

  rolldown@1.1.5:
    dependencies:
      '@oxc-project/types': 0.139.0
      '@rolldown/pluginutils': 1.0.1

  scheduler@0.27.0: {}

  source-map-js@1.2.1: {}

  tinyglobby@0.2.17:
    dependencies:
      fdir: 6.5.0(picomatch@4.0.5)
      picomatch: 4.0.5

  typescript@6.0.3: {}

  undici-types@7.18.2: {}

  vite@8.1.4(@types/node@24.13.3):
    dependencies:
      lightningcss: 1.32.0
      picomatch: 4.0.5
      postcss: 8.5.18
      rolldown: 1.1.5
      tinyglobby: 0.2.17
    optionalDependencies:
      '@types/node': 24.13.3
